
Microsoft Visual Studio Solution File, Format Version 12.00
# Visual Studio 2013
VisualStudioVersion = 12.0.31101.0
MinimumVisualStudioVersion = 10.0.40219.1
Project("{FAE04EC0-301F-11D3-BF4B-00C04F79EFBC}") = "Sentinel.OAuth.Core", "Sentinel.OAuth.Core\Sentinel.OAuth.Core.csproj", "{3590E38C-F48F-4DC6-BB12-06EB919A70E3}"
EndProject
Project("{FAE04EC0-301F-11D3-BF4B-00C04F79EFBC}") = "Sentinel.Sample", "Sentinel.Sample\Sentinel.Sample.csproj", "{201854E2-F29F-4928-8160-54080BD650D1}"
EndProject
Project("{FAE04EC0-301F-11D3-BF4B-00C04F79EFBC}") = "Sentinel.Tests", "Sentinel.Tests\Sentinel.Tests.csproj", "{6225DD0B-CE12-48B0-BFA6-6F4F61A0D397}"
EndProject
Project("{FAE04EC0-301F-11D3-BF4B-00C04F79EFBC}") = "Sentinel.OAuth", "Sentinel.OAuth\Sentinel.OAuth.csproj", "{D456998C-5A63-4743-B46E-89F6324C38C7}"
EndProject
Project("{FAE04EC0-301F-11D3-BF4B-00C04F79EFBC}") = "Sentinel.OAuth.Client", "Sentinel.OAuth.Client\Sentinel.OAuth.Client.csproj", "{817DD465-2C53-44F5-9C19-5F4C40510F5E}"
EndProject
Project("{2150E333-8FDC-42A3-9474-1A3956D46DE8}") = "TokenManagers", "TokenManagers", "{31250A89-D108-47EB-9018-098700350493}"
EndProject
Project("{2150E333-8FDC-42A3-9474-1A3956D46DE8}") = "ClientManagers", "ClientManagers", "{FA64FFB2-2C13-4507-B4D9-9C0EEA6D1C8D}"
EndProject
Project("{2150E333-8FDC-42A3-9474-1A3956D46DE8}") = "UserManagers", "UserManagers", "{6BD98182-1F1F-4DFD-A4B3-04988672ECF7}"
EndProject
Project("{FAE04EC0-301F-11D3-BF4B-00C04F79EFBC}") = "RavenDbClientManager", "Sentinel.OAuth.ClientManagers.RavenDbClientManager\RavenDbClientManager.csproj", "{3C257CE8-CE5F-4913-BE59-8C44B078184D}"
EndProject
Project("{FAE04EC0-301F-11D3-BF4B-00C04F79EFBC}") = "SqlServerClientManager", "Sentinel.OAuth.ClientManagers.SqlServerClientManager\SqlServerClientManager.csproj", "{A4DC3C3B-014E-42ED-AC98-555186F8AB98}"
EndProject
Project("{FAE04EC0-301F-11D3-BF4B-00C04F79EFBC}") = "RavenDbTokenRepository", "Sentinel.OAuth.TokenManagers.RavenDbTokenRepository\RavenDbTokenRepository.csproj", "{DEDE4BE0-5567-442A-B658-66A73EB3BFA7}"
EndProject
Project("{FAE04EC0-301F-11D3-BF4B-00C04F79EFBC}") = "RedisTokenRepository", "Sentinel.OAuth.TokenManagers.RedisTokenRepository\RedisTokenRepository.csproj", "{94EAF7B2-A1A0-4380-8CB1-15DE5747E343}"
EndProject
Project("{FAE04EC0-301F-11D3-BF4B-00C04F79EFBC}") = "SqlServerTokenRepository", "Sentinel.OAuth.TokenManagers.SqlServerTokenRepository\SqlServerTokenRepository.csproj", "{2A880295-CD2F-45C7-B592-0595318292CB}"
EndProject
Project("{FAE04EC0-301F-11D3-BF4B-00C04F79EFBC}") = "SqlServerUserManager", "Sentinel.OAuth.UserManagers.SqlServerUserManager\SqlServerUserManager.csproj", "{7D33D993-B9BE-463D-8942-CC5D0B99C06D}"
EndProject
Project("{FAE04EC0-301F-11D3-BF4B-00C04F79EFBC}") = "AspNetIdentityUserManager", "AspNetIdentityUserManager\AspNetIdentityUserManager.csproj", "{3FD81FAB-932D-4592-B325-EC190D8E0C03}"
EndProject
Global
	GlobalSection(SolutionConfigurationPlatforms) = preSolution
		Debug|Any CPU = Debug|Any CPU
		Release|Any CPU = Release|Any CPU
		Staging|Any CPU = Staging|Any CPU
		Test|Any CPU = Test|Any CPU
	EndGlobalSection
	GlobalSection(ProjectConfigurationPlatforms) = postSolution
		{3590E38C-F48F-4DC6-BB12-06EB919A70E3}.Debug|Any CPU.ActiveCfg = Debug|Any CPU
		{3590E38C-F48F-4DC6-BB12-06EB919A70E3}.Debug|Any CPU.Build.0 = Debug|Any CPU
		{3590E38C-F48F-4DC6-BB12-06EB919A70E3}.Release|Any CPU.ActiveCfg = Release|Any CPU
		{3590E38C-F48F-4DC6-BB12-06EB919A70E3}.Release|Any CPU.Build.0 = Release|Any CPU
		{3590E38C-F48F-4DC6-BB12-06EB919A70E3}.Staging|Any CPU.ActiveCfg = Staging|Any CPU
		{3590E38C-F48F-4DC6-BB12-06EB919A70E3}.Staging|Any CPU.Build.0 = Staging|Any CPU
		{3590E38C-F48F-4DC6-BB12-06EB919A70E3}.Test|Any CPU.ActiveCfg = Test|Any CPU
		{3590E38C-F48F-4DC6-BB12-06EB919A70E3}.Test|Any CPU.Build.0 = Test|Any CPU
		{201854E2-F29F-4928-8160-54080BD650D1}.Debug|Any CPU.ActiveCfg = Debug|Any CPU
		{201854E2-F29F-4928-8160-54080BD650D1}.Debug|Any CPU.Build.0 = Debug|Any CPU
		{201854E2-F29F-4928-8160-54080BD650D1}.Release|Any CPU.ActiveCfg = Release|Any CPU
		{201854E2-F29F-4928-8160-54080BD650D1}.Release|Any CPU.Build.0 = Release|Any CPU
		{201854E2-F29F-4928-8160-54080BD650D1}.Staging|Any CPU.ActiveCfg = Staging|Any CPU
		{201854E2-F29F-4928-8160-54080BD650D1}.Staging|Any CPU.Build.0 = Staging|Any CPU
		{201854E2-F29F-4928-8160-54080BD650D1}.Test|Any CPU.ActiveCfg = Test|Any CPU
		{201854E2-F29F-4928-8160-54080BD650D1}.Test|Any CPU.Build.0 = Test|Any CPU
		{6225DD0B-CE12-48B0-BFA6-6F4F61A0D397}.Debug|Any CPU.ActiveCfg = Debug|Any CPU
		{6225DD0B-CE12-48B0-BFA6-6F4F61A0D397}.Debug|Any CPU.Build.0 = Debug|Any CPU
		{6225DD0B-CE12-48B0-BFA6-6F4F61A0D397}.Release|Any CPU.ActiveCfg = Release|Any CPU
		{6225DD0B-CE12-48B0-BFA6-6F4F61A0D397}.Release|Any CPU.Build.0 = Release|Any CPU
		{6225DD0B-CE12-48B0-BFA6-6F4F61A0D397}.Staging|Any CPU.ActiveCfg = Staging|Any CPU
		{6225DD0B-CE12-48B0-BFA6-6F4F61A0D397}.Staging|Any CPU.Build.0 = Staging|Any CPU
		{6225DD0B-CE12-48B0-BFA6-6F4F61A0D397}.Test|Any CPU.ActiveCfg = Test|Any CPU
		{6225DD0B-CE12-48B0-BFA6-6F4F61A0D397}.Test|Any CPU.Build.0 = Test|Any CPU
		{D456998C-5A63-4743-B46E-89F6324C38C7}.Debug|Any CPU.ActiveCfg = Debug|Any CPU
		{D456998C-5A63-4743-B46E-89F6324C38C7}.Debug|Any CPU.Build.0 = Debug|Any CPU
		{D456998C-5A63-4743-B46E-89F6324C38C7}.Release|Any CPU.ActiveCfg = Release|Any CPU
		{D456998C-5A63-4743-B46E-89F6324C38C7}.Release|Any CPU.Build.0 = Release|Any CPU
		{D456998C-5A63-4743-B46E-89F6324C38C7}.Staging|Any CPU.ActiveCfg = Staging|Any CPU
		{D456998C-5A63-4743-B46E-89F6324C38C7}.Staging|Any CPU.Build.0 = Staging|Any CPU
		{D456998C-5A63-4743-B46E-89F6324C38C7}.Test|Any CPU.ActiveCfg = Test|Any CPU
		{D456998C-5A63-4743-B46E-89F6324C38C7}.Test|Any CPU.Build.0 = Test|Any CPU
		{817DD465-2C53-44F5-9C19-5F4C40510F5E}.Debug|Any CPU.ActiveCfg = Debug|Any CPU
		{817DD465-2C53-44F5-9C19-5F4C40510F5E}.Debug|Any CPU.Build.0 = Debug|Any CPU
		{817DD465-2C53-44F5-9C19-5F4C40510F5E}.Release|Any CPU.ActiveCfg = Release|Any CPU
		{817DD465-2C53-44F5-9C19-5F4C40510F5E}.Release|Any CPU.Build.0 = Release|Any CPU
		{817DD465-2C53-44F5-9C19-5F4C40510F5E}.Staging|Any CPU.ActiveCfg = Release|Any CPU
		{817DD465-2C53-44F5-9C19-5F4C40510F5E}.Staging|Any CPU.Build.0 = Release|Any CPU
		{817DD465-2C53-44F5-9C19-5F4C40510F5E}.Test|Any CPU.ActiveCfg = Release|Any CPU
		{817DD465-2C53-44F5-9C19-5F4C40510F5E}.Test|Any CPU.Build.0 = Release|Any CPU
		{3C257CE8-CE5F-4913-BE59-8C44B078184D}.Debug|Any CPU.ActiveCfg = Debug|Any CPU
		{3C257CE8-CE5F-4913-BE59-8C44B078184D}.Debug|Any CPU.Build.0 = Debug|Any CPU
		{3C257CE8-CE5F-4913-BE59-8C44B078184D}.Release|Any CPU.ActiveCfg = Release|Any CPU
		{3C257CE8-CE5F-4913-BE59-8C44B078184D}.Release|Any CPU.Build.0 = Release|Any CPU
		{3C257CE8-CE5F-4913-BE59-8C44B078184D}.Staging|Any CPU.ActiveCfg = Release|Any CPU
		{3C257CE8-CE5F-4913-BE59-8C44B078184D}.Staging|Any CPU.Build.0 = Release|Any CPU
		{3C257CE8-CE5F-4913-BE59-8C44B078184D}.Test|Any CPU.ActiveCfg = Release|Any CPU
		{3C257CE8-CE5F-4913-BE59-8C44B078184D}.Test|Any CPU.Build.0 = Release|Any CPU
		{A4DC3C3B-014E-42ED-AC98-555186F8AB98}.Debug|Any CPU.ActiveCfg = Debug|Any CPU
		{A4DC3C3B-014E-42ED-AC98-555186F8AB98}.Debug|Any CPU.Build.0 = Debug|Any CPU
		{A4DC3C3B-014E-42ED-AC98-555186F8AB98}.Release|Any CPU.ActiveCfg = Release|Any CPU
		{A4DC3C3B-014E-42ED-AC98-555186F8AB98}.Release|Any CPU.Build.0 = Release|Any CPU
		{A4DC3C3B-014E-42ED-AC98-555186F8AB98}.Staging|Any CPU.ActiveCfg = Release|Any CPU
		{A4DC3C3B-014E-42ED-AC98-555186F8AB98}.Staging|Any CPU.Build.0 = Release|Any CPU
		{A4DC3C3B-014E-42ED-AC98-555186F8AB98}.Test|Any CPU.ActiveCfg = Release|Any CPU
		{A4DC3C3B-014E-42ED-AC98-555186F8AB98}.Test|Any CPU.Build.0 = Release|Any CPU
		{DEDE4BE0-5567-442A-B658-66A73EB3BFA7}.Debug|Any CPU.ActiveCfg = Debug|Any CPU
		{DEDE4BE0-5567-442A-B658-66A73EB3BFA7}.Debug|Any CPU.Build.0 = Debug|Any CPU
		{DEDE4BE0-5567-442A-B658-66A73EB3BFA7}.Release|Any CPU.ActiveCfg = Release|Any CPU
		{DEDE4BE0-5567-442A-B658-66A73EB3BFA7}.Release|Any CPU.Build.0 = Release|Any CPU
		{DEDE4BE0-5567-442A-B658-66A73EB3BFA7}.Staging|Any CPU.ActiveCfg = Release|Any CPU
		{DEDE4BE0-5567-442A-B658-66A73EB3BFA7}.Staging|Any CPU.Build.0 = Release|Any CPU
		{DEDE4BE0-5567-442A-B658-66A73EB3BFA7}.Test|Any CPU.ActiveCfg = Release|Any CPU
		{DEDE4BE0-5567-442A-B658-66A73EB3BFA7}.Test|Any CPU.Build.0 = Release|Any CPU
		{94EAF7B2-A1A0-4380-8CB1-15DE5747E343}.Debug|Any CPU.ActiveCfg = Debug|Any CPU
		{94EAF7B2-A1A0-4380-8CB1-15DE5747E343}.Debug|Any CPU.Build.0 = Debug|Any CPU
		{94EAF7B2-A1A0-4380-8CB1-15DE5747E343}.Release|Any CPU.ActiveCfg = Release|Any CPU
		{94EAF7B2-A1A0-4380-8CB1-15DE5747E343}.Release|Any CPU.Build.0 = Release|Any CPU
		{94EAF7B2-A1A0-4380-8CB1-15DE5747E343}.Staging|Any CPU.ActiveCfg = Release|Any CPU
		{94EAF7B2-A1A0-4380-8CB1-15DE5747E343}.Staging|Any CPU.Build.0 = Release|Any CPU
		{94EAF7B2-A1A0-4380-8CB1-15DE5747E343}.Test|Any CPU.ActiveCfg = Release|Any CPU
		{94EAF7B2-A1A0-4380-8CB1-15DE5747E343}.Test|Any CPU.Build.0 = Release|Any CPU
		{2A880295-CD2F-45C7-B592-0595318292CB}.Debug|Any CPU.ActiveCfg = Debug|Any CPU
		{2A880295-CD2F-45C7-B592-0595318292CB}.Debug|Any CPU.Build.0 = Debug|Any CPU
		{2A880295-CD2F-45C7-B592-0595318292CB}.Release|Any CPU.ActiveCfg = Release|Any CPU
		{2A880295-CD2F-45C7-B592-0595318292CB}.Release|Any CPU.Build.0 = Release|Any CPU
		{2A880295-CD2F-45C7-B592-0595318292CB}.Staging|Any CPU.ActiveCfg = Release|Any CPU
		{2A880295-CD2F-45C7-B592-0595318292CB}.Staging|Any CPU.Build.0 = Release|Any CPU
		{2A880295-CD2F-45C7-B592-0595318292CB}.Test|Any CPU.ActiveCfg = Release|Any CPU
		{2A880295-CD2F-45C7-B592-0595318292CB}.Test|Any CPU.Build.0 = Release|Any CPU
		{7D33D993-B9BE-463D-8942-CC5D0B99C06D}.Debug|Any CPU.ActiveCfg = Debug|Any CPU
		{7D33D993-B9BE-463D-8942-CC5D0B99C06D}.Debug|Any CPU.Build.0 = Debug|Any CPU
		{7D33D993-B9BE-463D-8942-CC5D0B99C06D}.Release|Any CPU.ActiveCfg = Release|Any CPU
		{7D33D993-B9BE-463D-8942-CC5D0B99C06D}.Release|Any CPU.Build.0 = Release|Any CPU
		{7D33D993-B9BE-463D-8942-CC5D0B99C06D}.Staging|Any CPU.ActiveCfg = Release|Any CPU
		{7D33D993-B9BE-463D-8942-CC5D0B99C06D}.Staging|Any CPU.Build.0 = Release|Any CPU
		{7D33D993-B9BE-463D-8942-CC5D0B99C06D}.Test|Any CPU.ActiveCfg = Release|Any CPU
		{7D33D993-B9BE-463D-8942-CC5D0B99C06D}.Test|Any CPU.Build.0 = Release|Any CPU
		{3FD81FAB-932D-4592-B325-EC190D8E0C03}.Debug|Any CPU.ActiveCfg = Debug|Any CPU
		{3FD81FAB-932D-4592-B325-EC190D8E0C03}.Debug|Any CPU.Build.0 = Debug|Any CPU
		{3FD81FAB-932D-4592-B325-EC190D8E0C03}.Release|Any CPU.ActiveCfg = Release|Any CPU
		{3FD81FAB-932D-4592-B325-EC190D8E0C03}.Release|Any CPU.Build.0 = Release|Any CPU
		{3FD81FAB-932D-4592-B325-EC190D8E0C03}.Staging|Any CPU.ActiveCfg = Release|Any CPU
		{3FD81FAB-932D-4592-B325-EC190D8E0C03}.Staging|Any CPU.Build.0 = Release|Any CPU
		{3FD81FAB-932D-4592-B325-EC190D8E0C03}.Test|Any CPU.ActiveCfg = Release|Any CPU
		{3FD81FAB-932D-4592-B325-EC190D8E0C03}.Test|Any CPU.Build.0 = Release|Any CPU
	EndGlobalSection
	GlobalSection(SolutionProperties) = preSolution
		HideSolutionNode = FALSE
	EndGlobalSection
	GlobalSection(NestedProjects) = preSolution
		{3C257CE8-CE5F-4913-BE59-8C44B078184D} = {FA64FFB2-2C13-4507-B4D9-9C0EEA6D1C8D}
		{A4DC3C3B-014E-42ED-AC98-555186F8AB98} = {FA64FFB2-2C13-4507-B4D9-9C0EEA6D1C8D}
		{DEDE4BE0-5567-442A-B658-66A73EB3BFA7} = {31250A89-D108-47EB-9018-098700350493}
		{94EAF7B2-A1A0-4380-8CB1-15DE5747E343} = {31250A89-D108-47EB-9018-098700350493}
		{2A880295-CD2F-45C7-B592-0595318292CB} = {31250A89-D108-47EB-9018-098700350493}
		{7D33D993-B9BE-463D-8942-CC5D0B99C06D} = {6BD98182-1F1F-4DFD-A4B3-04988672ECF7}
		{3FD81FAB-932D-4592-B325-EC190D8E0C03} = {6BD98182-1F1F-4DFD-A4B3-04988672ECF7}
	EndGlobalSection
EndGlobal
